
Microsoft Visual Studio Solution File, Format Version 12.00
# Visual Studio Version 17
VisualStudioVersion = 17.0.31903.59
MinimumVisualStudioVersion = 10.0.40219.1
Project("{2150E333-8FDC-42A3-9474-1A3956D46DE8}") = "src", "src", "{827E0CD3-B72D-47B6-A68D-7590B98EB39B}"
EndProject
Project("{FAE04EC0-301F-11D3-BF4B-00C04F79EFBC}") = "Kiln.Core", "src\Kiln.Core\Kiln.Core.csproj", "{A5D3695F-0C17-4477-BE6D-3A52519E4778}"
EndProject
Project("{FAE04EC0-301F-11D3-BF4B-00C04F79EFBC}") = "Kiln.Data", "src\Kiln.Data\Kiln.Data.csproj", "{8C63C5B2-0CF9-4395-8376-73EC07DC62D4}"
EndProject
Project("{FAE04EC0-301F-11D3-BF4B-00C04F79EFBC}") = "Kiln.Tests", "src\Kiln.Tests\Kiln.Tests.csproj", "{E175AF03-7438-456C-993B-0355F007BEA3}"
EndProject
Project("{FAE04EC0-301F-11D3-BF4B-00C04F79EFBC}") = "Kiln.Tools", "src\Kiln.Tools\Kiln.Tools.csproj", "{11BEC09E-1E10-482C-9AB2-7C08F1CE35D4}"
EndProject
Global
	GlobalSection(SolutionConfigurationPlatforms) = preSolution
		Debug|Any CPU = Debug|Any CPU
		Debug|x64 = Debug|x64
		Debug|x86 = Debug|x86
		Release|Any CPU = Release|Any CPU
		Release|x64 = Release|x64
		Release|x86 = Release|x86
	EndGlobalSection
	GlobalSection(ProjectConfigurationPlatforms) = postSolution
		{A5D3695F-0C17-4477-BE6D-3A52519E4778}.Debug|Any CPU.ActiveCfg = Debug|Any CPU
		{A5D3695F-0C17-4477-BE6D-3A52519E4778}.Debug|Any CPU.Build.0 = Debug|Any CPU
		{A5D3695F-0C17-4477-BE6D-3A52519E4778}.Debug|x64.ActiveCfg = Debug|Any CPU
		{A5D3695F-0C17-4477-BE6D-3A52519E4778}.Debug|x64.Build.0 = Debug|Any CPU
		{A5D3695F-0C17-4477-BE6D-3A52519E4778}.Debug|x86.ActiveCfg = Debug|Any CPU
		{A5D3695F-0C17-4477-BE6D-3A52519E4778}.Debug|x86.Build.0 = Debug|Any CPU
		{A5D3695F-0C17-4477-BE6D-3A52519E4778}.Release|Any CPU.ActiveCfg = Release|Any CPU
		{A5D3695F-0C17-4477-BE6D-3A52519E4778}.Release|Any CPU.Build.0 = Release|Any CPU
		{A5D3695F-0C17-4477-BE6D-3A52519E4778}.Release|x64.ActiveCfg = Release|Any CPU
		{A5D3695F-0C17-4477-BE6D-3A52519E4778}.Release|x64.Build.0 = Release|Any CPU
		{A5D3695F-0C17-4477-BE6D-3A52519E4778}.Release|x86.ActiveCfg = Release|Any CPU
		{A5D3695F-0C17-4477-BE6D-3A52519E4778}.Release|x86.Build.0 = Release|Any CPU
		{8C63C5B2-0CF9-4395-8376-73EC07DC62D4}.Debug|Any CPU.ActiveCfg = Debug|Any CPU
		{8C63C5B2-0CF9-4395-8376-73EC07DC62D4}.Debug|Any CPU.Build.0 = Debug|Any CPU
		{8C63C5B2-0CF9-4395-8376-73EC07DC62D4}.Debug|x64.ActiveCfg = Debug|Any CPU
		{8C63C5B2-0CF9-4395-8376-73EC07DC62D4}.Debug|x64.Build.0 = Debug|Any CPU
		{8C63C5B2-0CF9-4395-8376-73EC07DC62D4}.Debug|x86.ActiveCfg = Debug|Any CPU
		{8C63C5B2-0CF9-4395-8376-73EC07DC62D4}.Debug|x86.Build.0 = Debug|Any CPU
		{8C63C5B2-0CF9-4395-8376-73EC07DC62D4}.Release|Any CPU.ActiveCfg = Release|Any CPU
		{8C63C5B2-0CF9-4395-8376-73EC07DC62D4}.Release|Any CPU.Build.0 = Release|Any CPU
		{8C63C5B2-0CF9-4395-8376-73EC07DC62D4}.Release|x64.ActiveCfg = Release|Any CPU
		{8C63C5B2-0CF9-4395-8376-73EC07DC62D4}.Release|x64.Build.0 = Release|Any CPU
		{8C63C5B2-0CF9-4395-8376-73EC07DC62D4}.Release|x86.ActiveCfg = Release|Any CPU
		{8C63C5B2-0CF9-4395-8376-73EC07DC62D4}.Release|x86.Build.0 = Release|Any CPU
		{E175AF03-7438-456C-993B-0355F007BEA3}.Debug|Any CPU.ActiveCfg = Debug|Any CPU
		{E175AF03-7438-456C-993B-0355F007BEA3}.Debug|Any CPU.Build.0 = Debug|Any CPU
		{E175AF03-7438-456C-993B-0355F007BEA3}.Debug|x64.ActiveCfg = Debug|Any CPU
		{E175AF03-7438-456C-993B-0355F007BEA3}.Debug|x64.Build.0 = Debug|Any CPU
		{E175AF03-7438-456C-993B-0355F007BEA3}.Debug|x86.ActiveCfg = Debug|Any CPU
		{E175AF03-7438-456C-993B-0355F007BEA3}.Debug|x86.Build.0 = Debug|Any CPU
		{E175AF03-7438-456C-993B-0355F007BEA3}.Release|Any CPU.ActiveCfg = Release|Any CPU
		{E175AF03-7438-456C-993B-0355F007BEA3}.Release|Any CPU.Build.0 = Release|Any CPU
		{E175AF03-7438-456C-993B-0355F007BEA3}.Release|x64.ActiveCfg = Release|Any CPU
		{E175AF03-7438-456C-993B-0355F007BEA3}.Release|x64.Build.0 = Release|Any CPU
		{E175AF03-7438-456C-993B-0355F007BEA3}.Release|x86.ActiveCfg = Release|Any CPU
		{E175AF03-7438-456C-993B-0355F007BEA3}.Release|x86.Build.0 = Release|Any CPU
		{11BEC09E-1E10-482C-9AB2-7C08F1CE35D4}.Debug|Any CPU.ActiveCfg = Debug|Any CPU
		{11BEC09E-1E10-482C-9AB2-7C08F1CE35D4}.Debug|Any CPU.Build.0 = Debug|Any CPU
		{11BEC09E-1E10-482C-9AB2-7C08F1CE35D4}.Debug|x64.ActiveCfg = Debug|Any CPU
		{11BEC09E-1E10-482C-9AB2-7C08F1CE35D4}.Debug|x64.Build.0 = Debug|Any CPU
		{11BEC09E-1E10-482C-9AB2-7C08F1CE35D4}.Debug|x86.ActiveCfg = Debug|Any CPU
		{11BEC09E-1E10-482C-9AB2-7C08F1CE35D4}.Debug|x86.Build.0 = Debug|Any CPU
		{11BEC09E-1E10-482C-9AB2-7C08F1CE35D4}.Release|Any CPU.ActiveCfg = Release|Any CPU
		{11BEC09E-1E10-482C-9AB2-7C08F1CE35D4}.Release|Any CPU.Build.0 = Release|Any CPU
		{11BEC09E-1E10-482C-9AB2-7C08F1CE35D4}.Release|x64.ActiveCfg = Release|Any CPU
		{11BEC09E-1E10-482C-9AB2-7C08F1CE35D4}.Release|x64.Build.0 = Release|Any CPU
		{11BEC09E-1E10-482C-9AB2-7C08F1CE35D4}.Release|x86.ActiveCfg = Release|Any CPU
		{11BEC09E-1E10-482C-9AB2-7C08F1CE35D4}.Release|x86.Build.0 = Release|Any CPU
	EndGlobalSection
	GlobalSection(SolutionProperties) = preSolution
		HideSolutionNode = FALSE
	EndGlobalSection
	GlobalSection(NestedProjects) = preSolution
		{A5D3695F-0C17-4477-BE6D-3A52519E4778} = {827E0CD3-B72D-47B6-A68D-7590B98EB39B}
		{8C63C5B2-0CF9-4395-8376-73EC07DC62D4} = {827E0CD3-B72D-47B6-A68D-7590B98EB39B}
		{E175AF03-7438-456C-993B-0355F007BEA3} = {827E0CD3-B72D-47B6-A68D-7590B98EB39B}
		{11BEC09E-1E10-482C-9AB2-7C08F1CE35D4} = {827E0CD3-B72D-47B6-A68D-7590B98EB39B}
	EndGlobalSection
EndGlobal
