
Microsoft Visual Studio Solution File, Format Version 12.00
# Visual Studio Version 17
VisualStudioVersion = 17.0.31903.59
MinimumVisualStudioVersion = 10.0.40219.1
Project("{2150E333-8FDC-42A3-9474-1A3956D46DE8}") = "src", "src", "{827E0CD3-B72D-47B6-A68D-7590B98EB39B}"
EndProject
Project("{FAE04EC0-301F-11D3-BF4B-00C04F79EFBC}") = "Shardfall.Core", "src\Shardfall.Core\Shardfall.Core.csproj", "{AD333CAC-C7EA-4C07-8062-5BC05DF76719}"
EndProject
Project("{FAE04EC0-301F-11D3-BF4B-00C04F79EFBC}") = "Shardfall.Data", "src\Shardfall.Data\Shardfall.Data.csproj", "{904C8449-BE4E-401F-B57B-D6C54EC5E3E4}"
EndProject
Project("{FAE04EC0-301F-11D3-BF4B-00C04F79EFBC}") = "Shardfall.Tests", "src\Shardfall.Tests\Shardfall.Tests.csproj", "{4713CD7F-C717-4AB2-93F3-8CCEE1C140C6}"
EndProject
Project("{FAE04EC0-301F-11D3-BF4B-00C04F79EFBC}") = "Shardfall.Tools", "src\Shardfall.Tools\Shardfall.Tools.csproj", "{C915B098-79AD-4F96-A417-ABD259A4307B}"
EndProject
Global
	GlobalSection(SolutionConfigurationPlatforms) = preSolution
		Debug|Any CPU = Debug|Any CPU
		Debug|x64 = Debug|x64
		Debug|x86 = Debug|x86
		Release|Any CPU = Release|Any CPU
		Release|x64 = Release|x64
		Release|x86 = Release|x86
	EndGlobalSection
	GlobalSection(ProjectConfigurationPlatforms) = postSolution
		{AD333CAC-C7EA-4C07-8062-5BC05DF76719}.Debug|Any CPU.ActiveCfg = Debug|Any CPU
		{AD333CAC-C7EA-4C07-8062-5BC05DF76719}.Debug|Any CPU.Build.0 = Debug|Any CPU
		{AD333CAC-C7EA-4C07-8062-5BC05DF76719}.Debug|x64.ActiveCfg = Debug|Any CPU
		{AD333CAC-C7EA-4C07-8062-5BC05DF76719}.Debug|x64.Build.0 = Debug|Any CPU
		{AD333CAC-C7EA-4C07-8062-5BC05DF76719}.Debug|x86.ActiveCfg = Debug|Any CPU
		{AD333CAC-C7EA-4C07-8062-5BC05DF76719}.Debug|x86.Build.0 = Debug|Any CPU
		{AD333CAC-C7EA-4C07-8062-5BC05DF76719}.Release|Any CPU.ActiveCfg = Release|Any CPU
		{AD333CAC-C7EA-4C07-8062-5BC05DF76719}.Release|Any CPU.Build.0 = Release|Any CPU
		{AD333CAC-C7EA-4C07-8062-5BC05DF76719}.Release|x64.ActiveCfg = Release|Any CPU
		{AD333CAC-C7EA-4C07-8062-5BC05DF76719}.Release|x64.Build.0 = Release|Any CPU
		{AD333CAC-C7EA-4C07-8062-5BC05DF76719}.Release|x86.ActiveCfg = Release|Any CPU
		{AD333CAC-C7EA-4C07-8062-5BC05DF76719}.Release|x86.Build.0 = Release|Any CPU
		{904C8449-BE4E-401F-B57B-D6C54EC5E3E4}.Debug|Any CPU.ActiveCfg = Debug|Any CPU
		{904C8449-BE4E-401F-B57B-D6C54EC5E3E4}.Debug|Any CPU.Build.0 = Debug|Any CPU
		{904C8449-BE4E-401F-B57B-D6C54EC5E3E4}.Debug|x64.ActiveCfg = Debug|Any CPU
		{904C8449-BE4E-401F-B57B-D6C54EC5E3E4}.Debug|x64.Build.0 = Debug|Any CPU
		{904C8449-BE4E-401F-B57B-D6C54EC5E3E4}.Debug|x86.ActiveCfg = Debug|Any CPU
		{904C8449-BE4E-401F-B57B-D6C54EC5E3E4}.Debug|x86.Build.0 = Debug|Any CPU
		{904C8449-BE4E-401F-B57B-D6C54EC5E3E4}.Release|Any CPU.ActiveCfg = Release|Any CPU
		{904C8449-BE4E-401F-B57B-D6C54EC5E3E4}.Release|Any CPU.Build.0 = Release|Any CPU
		{904C8449-BE4E-401F-B57B-D6C54EC5E3E4}.Release|x64.ActiveCfg = Release|Any CPU
		{904C8449-BE4E-401F-B57B-D6C54EC5E3E4}.Release|x64.Build.0 = Release|Any CPU
		{904C8449-BE4E-401F-B57B-D6C54EC5E3E4}.Release|x86.ActiveCfg = Release|Any CPU
		{904C8449-BE4E-401F-B57B-D6C54EC5E3E4}.Release|x86.Build.0 = Release|Any CPU
		{4713CD7F-C717-4AB2-93F3-8CCEE1C140C6}.Debug|Any CPU.ActiveCfg = Debug|Any CPU
		{4713CD7F-C717-4AB2-93F3-8CCEE1C140C6}.Debug|Any CPU.Build.0 = Debug|Any CPU
		{4713CD7F-C717-4AB2-93F3-8CCEE1C140C6}.Debug|x64.ActiveCfg = Debug|Any CPU
		{4713CD7F-C717-4AB2-93F3-8CCEE1C140C6}.Debug|x64.Build.0 = Debug|Any CPU
		{4713CD7F-C717-4AB2-93F3-8CCEE1C140C6}.Debug|x86.ActiveCfg = Debug|Any CPU
		{4713CD7F-C717-4AB2-93F3-8CCEE1C140C6}.Debug|x86.Build.0 = Debug|Any CPU
		{4713CD7F-C717-4AB2-93F3-8CCEE1C140C6}.Release|Any CPU.ActiveCfg = Release|Any CPU
		{4713CD7F-C717-4AB2-93F3-8CCEE1C140C6}.Release|Any CPU.Build.0 = Release|Any CPU
		{4713CD7F-C717-4AB2-93F3-8CCEE1C140C6}.Release|x64.ActiveCfg = Release|Any CPU
		{4713CD7F-C717-4AB2-93F3-8CCEE1C140C6}.Release|x64.Build.0 = Release|Any CPU
		{4713CD7F-C717-4AB2-93F3-8CCEE1C140C6}.Release|x86.ActiveCfg = Release|Any CPU
		{4713CD7F-C717-4AB2-93F3-8CCEE1C140C6}.Release|x86.Build.0 = Release|Any CPU
		{C915B098-79AD-4F96-A417-ABD259A4307B}.Debug|Any CPU.ActiveCfg = Debug|Any CPU
		{C915B098-79AD-4F96-A417-ABD259A4307B}.Debug|Any CPU.Build.0 = Debug|Any CPU
		{C915B098-79AD-4F96-A417-ABD259A4307B}.Debug|x64.ActiveCfg = Debug|Any CPU
		{C915B098-79AD-4F96-A417-ABD259A4307B}.Debug|x64.Build.0 = Debug|Any CPU
		{C915B098-79AD-4F96-A417-ABD259A4307B}.Debug|x86.ActiveCfg = Debug|Any CPU
		{C915B098-79AD-4F96-A417-ABD259A4307B}.Debug|x86.Build.0 = Debug|Any CPU
		{C915B098-79AD-4F96-A417-ABD259A4307B}.Release|Any CPU.ActiveCfg = Release|Any CPU
		{C915B098-79AD-4F96-A417-ABD259A4307B}.Release|Any CPU.Build.0 = Release|Any CPU
		{C915B098-79AD-4F96-A417-ABD259A4307B}.Release|x64.ActiveCfg = Release|Any CPU
		{C915B098-79AD-4F96-A417-ABD259A4307B}.Release|x64.Build.0 = Release|Any CPU
		{C915B098-79AD-4F96-A417-ABD259A4307B}.Release|x86.ActiveCfg = Release|Any CPU
		{C915B098-79AD-4F96-A417-ABD259A4307B}.Release|x86.Build.0 = Release|Any CPU
	EndGlobalSection
	GlobalSection(SolutionProperties) = preSolution
		HideSolutionNode = FALSE
	EndGlobalSection
	GlobalSection(NestedProjects) = preSolution
		{AD333CAC-C7EA-4C07-8062-5BC05DF76719} = {827E0CD3-B72D-47B6-A68D-7590B98EB39B}
		{904C8449-BE4E-401F-B57B-D6C54EC5E3E4} = {827E0CD3-B72D-47B6-A68D-7590B98EB39B}
		{4713CD7F-C717-4AB2-93F3-8CCEE1C140C6} = {827E0CD3-B72D-47B6-A68D-7590B98EB39B}
		{C915B098-79AD-4F96-A417-ABD259A4307B} = {827E0CD3-B72D-47B6-A68D-7590B98EB39B}
	EndGlobalSection
EndGlobal
